
Microsoft Visual Studio Solution File, Format Version 12.00
# Visual Studio Version 17
VisualStudioVersion = 17.14.36203.30 d17.14
MinimumVisualStudioVersion = 10.0.40219.1
Project("{FAE04EC0-301F-11D3-BF4B-00C04F79EFBC}") = "Agentechatbot", "Agentechatbot\Agentechatbot.csproj", "{32C157C5-9EEE-4582-AE32-6C1AD28F2FFD}"
EndProject
Global
	GlobalSection(SolutionConfigurationPlatforms) = preSolution
		Debug|Any CPU = Debug|Any CPU
		Release|Any CPU = Release|Any CPU
	EndGlobalSection
	GlobalSection(ProjectConfigurationPlatforms) = postSolution
		{32C157C5-9EEE-4582-AE32-6C1AD28F2FFD}.Debug|Any CPU.ActiveCfg = Debug|Any CPU
		{32C157C5-9EEE-4582-AE32-6C1AD28F2FFD}.Debug|Any CPU.Build.0 = Debug|Any CPU
		{32C157C5-9EEE-4582-AE32-6C1AD28F2FFD}.Release|Any CPU.ActiveCfg = Release|Any CPU
		{32C157C5-9EEE-4582-AE32-6C1AD28F2FFD}.Release|Any CPU.Build.0 = Release|Any CPU
	EndGlobalSection
	GlobalSection(SolutionProperties) = preSolution
		HideSolutionNode = FALSE
	EndGlobalSection
	GlobalSection(ExtensibilityGlobals) = postSolution
		SolutionGuid = {7CDD2E2D-759E-475A-BA02-94B449A5A12B}
	EndGlobalSection
EndGlobal
